
Microsoft Visual Studio Solution File, Format Version 12.00
# Visual Studio Version 17
VisualStudioVersion = 17.10.35122.118
MinimumVisualStudioVersion = 10.0.40219.1
Project("{FAE04EC0-301F-11D3-BF4B-00C04F79EFBC}") = "SistemaDeporteApi", "SistemaDeporteApi.csproj", "{BEFC6E22-6879-4AF2-ADDE-3AE1D678E440}"
EndProject
Project("{FAE04EC0-301F-11D3-BF4B-00C04F79EFBC}") = "Shared", "..\Shared\Shared.csproj", "{92E6043A-9BE3-4A9A-AD65-75DC8960B40F}"
EndProject
Global
	GlobalSection(SolutionConfigurationPlatforms) = preSolution
		Debug|Any CPU = Debug|Any CPU
		Release|Any CPU = Release|Any CPU
	EndGlobalSection
	GlobalSection(ProjectConfigurationPlatforms) = postSolution
		{BEFC6E22-6879-4AF2-ADDE-3AE1D678E440}.Debug|Any CPU.ActiveCfg = Debug|Any CPU
		{BEFC6E22-6879-4AF2-ADDE-3AE1D678E440}.Debug|Any CPU.Build.0 = Debug|Any CPU
		{BEFC6E22-6879-4AF2-ADDE-3AE1D678E440}.Release|Any CPU.ActiveCfg = Release|Any CPU
		{BEFC6E22-6879-4AF2-ADDE-3AE1D678E440}.Release|Any CPU.Build.0 = Release|Any CPU
		{92E6043A-9BE3-4A9A-AD65-75DC8960B40F}.Debug|Any CPU.ActiveCfg = Debug|Any CPU
		{92E6043A-9BE3-4A9A-AD65-75DC8960B40F}.Debug|Any CPU.Build.0 = Debug|Any CPU
		{92E6043A-9BE3-4A9A-AD65-75DC8960B40F}.Release|Any CPU.ActiveCfg = Release|Any CPU
		{92E6043A-9BE3-4A9A-AD65-75DC8960B40F}.Release|Any CPU.Build.0 = Release|Any CPU
	EndGlobalSection
	GlobalSection(SolutionProperties) = preSolution
		HideSolutionNode = FALSE
	EndGlobalSection
	GlobalSection(ExtensibilityGlobals) = postSolution
		SolutionGuid = {6AD2B05C-8C43-441B-81D3-091C005974B4}
	EndGlobalSection
EndGlobal
